
Microsoft Visual Studio Solution File, Format Version 12.00
# Visual Studio Version 17
VisualStudioVersion = 17.3.32804.467
MinimumVisualStudioVersion = 10.0.40219.1
Project("{FAE04EC0-301F-11D3-BF4B-00C04F79EFBC}") = "Calculator", "Calculator\Calculator.csproj", "{003A37E3-1F18-454A-B34D-E701D249D902}"
EndProject
Global
	GlobalSection(SolutionConfigurationPlatforms) = preSolution
		Debug|Any CPU = Debug|Any CPU
		Release|Any CPU = Release|Any CPU
	EndGlobalSection
	GlobalSection(ProjectConfigurationPlatforms) = postSolution
		{003A37E3-1F18-454A-B34D-E701D249D902}.Debug|Any CPU.ActiveCfg = Debug|Any CPU
		{003A37E3-1F18-454A-B34D-E701D249D902}.Debug|Any CPU.Build.0 = Debug|Any CPU
		{003A37E3-1F18-454A-B34D-E701D249D902}.Release|Any CPU.ActiveCfg = Release|Any CPU
		{003A37E3-1F18-454A-B34D-E701D249D902}.Release|Any CPU.Build.0 = Release|Any CPU
	EndGlobalSection
	GlobalSection(SolutionProperties) = preSolution
		HideSolutionNode = FALSE
	EndGlobalSection
	GlobalSection(ExtensibilityGlobals) = postSolution
		SolutionGuid = {0E9800E1-F1A8-41E1-8B2B-7707F89D91D3}
	EndGlobalSection
EndGlobal
